# This file is automatically @generated by Cargo.
# It is not intended for manual editing.
version = 3

[[package]]
name = "GridPaper"
version = "0.1.0"
dependencies = [
 "svg",
]

[[package]]
name = "svg"
version = "0.16.0"
source = "registry+https://github.com/rust-lang/crates.io-index"
checksum = "583e1c5c326fd6fede8797006de3b95ad6bcd60a592952952c5ba7ddd7e84c83"
